
Microsoft Visual Studio Solution File, Format Version 12.00
# Visual Studio Version 17
VisualStudioVersion = 17.8.34330.188
MinimumVisualStudioVersion = 10.0.40219.1
Project("{9A19103F-16F7-4668-BE54-9A1E7A4F7556}") = "Proyecto_Final_SouKuroApp", "Proyecto_Final_SouKuroApp\Proyecto_Final_SouKuroApp\Proyecto_Final_SouKuroApp.csproj", "{9D284DE9-50C7-4039-88F9-214384ADD4A8}"
EndProject
Project("{9A19103F-16F7-4668-BE54-9A1E7A4F7556}") = "Proyecto_Final_SouKuroApp.Client", "Proyecto_Final_SouKuroApp\Proyecto_Final_SouKuroApp.Client\Proyecto_Final_SouKuroApp.Client.csproj", "{9F528865-BF69-4726-A78F-51106FCA3CFC}"
EndProject
Project("{9A19103F-16F7-4668-BE54-9A1E7A4F7556}") = "Shared", "Shared\Shared.csproj", "{7C58AF0C-62EB-43AC-8F9A-8D1D09117F9F}"
EndProject
Global
	GlobalSection(SolutionConfigurationPlatforms) = preSolution
		Debug|Any CPU = Debug|Any CPU
		Release|Any CPU = Release|Any CPU
	EndGlobalSection
	GlobalSection(ProjectConfigurationPlatforms) = postSolution
		{9D284DE9-50C7-4039-88F9-214384ADD4A8}.Debug|Any CPU.ActiveCfg = Debug|Any CPU
		{9D284DE9-50C7-4039-88F9-214384ADD4A8}.Debug|Any CPU.Build.0 = Debug|Any CPU
		{9D284DE9-50C7-4039-88F9-214384ADD4A8}.Release|Any CPU.ActiveCfg = Release|Any CPU
		{9D284DE9-50C7-4039-88F9-214384ADD4A8}.Release|Any CPU.Build.0 = Release|Any CPU
		{9F528865-BF69-4726-A78F-51106FCA3CFC}.Debug|Any CPU.ActiveCfg = Debug|Any CPU
		{9F528865-BF69-4726-A78F-51106FCA3CFC}.Debug|Any CPU.Build.0 = Debug|Any CPU
		{9F528865-BF69-4726-A78F-51106FCA3CFC}.Release|Any CPU.ActiveCfg = Release|Any CPU
		{9F528865-BF69-4726-A78F-51106FCA3CFC}.Release|Any CPU.Build.0 = Release|Any CPU
		{7C58AF0C-62EB-43AC-8F9A-8D1D09117F9F}.Debug|Any CPU.ActiveCfg = Debug|Any CPU
		{7C58AF0C-62EB-43AC-8F9A-8D1D09117F9F}.Debug|Any CPU.Build.0 = Debug|Any CPU
		{7C58AF0C-62EB-43AC-8F9A-8D1D09117F9F}.Release|Any CPU.ActiveCfg = Release|Any CPU
		{7C58AF0C-62EB-43AC-8F9A-8D1D09117F9F}.Release|Any CPU.Build.0 = Release|Any CPU
	EndGlobalSection
	GlobalSection(SolutionProperties) = preSolution
		HideSolutionNode = FALSE
	EndGlobalSection
	GlobalSection(ExtensibilityGlobals) = postSolution
		SolutionGuid = {2CE1DD47-B4BF-4F52-92F9-E51990394ADA}
	EndGlobalSection
EndGlobal
